// !$*UTF8*$!
{
	archiveVersion = 1;
	classes = {
	};
	objectVersion = 56;
	objects = {

/* Begin PBXBuildFile section */
		3D0D8C702AFFE99B0082D0C0 /* AppDelegate.swift in Sources */ = {isa = PBXBuildFile; fileRef = 3D0D8C6F2AFFE99B0082D0C0 /* AppDelegate.swift */; };
		3D0D8C722AFFE99B0082D0C0 /* SceneDelegate.swift in Sources */ = {isa = PBXBuildFile; fileRef = 3D0D8C712AFFE99B0082D0C0 /* SceneDelegate.swift */; };
		3D0D8C742AFFE99B0082D0C0 /* ViewController.swift in Sources */ = {isa = PBXBuildFile; fileRef = 3D0D8C732AFFE99B0082D0C0 /* ViewController.swift */; };
		3D0D8C772AFFE99B0082D0C0 /* Main.storyboard in Resources */ = {isa = PBXBuildFile; fileRef = 3D0D8C752AFFE99B0082D0C0 /* Main.storyboard */; };
		3D0D8C792AFFE99C0082D0C0 /* Assets.xcassets in Resources */ = {isa = PBXBuildFile; fileRef = 3D0D8C782AFFE99C0082D0C0 /* Assets.xcassets */; };
		3D0D8C7C2AFFE99C0082D0C0 /* LaunchScreen.storyboard in Resources */ = {isa = PBXBuildFile; fileRef = 3D0D8C7A2AFFE99C0082D0C0 /* LaunchScreen.storyboard */; };
		3D0D8C842AFFEA230082D0C0 /* InternetMonitor.swift in Sources */ = {isa = PBXBuildFile; fileRef = 3D0D8C832AFFEA230082D0C0 /* InternetMonitor.swift */; };
		3D0D8C862AFFEA5D0082D0C0 /* APIService.swift in Sources */ = {isa = PBXBuildFile; fileRef = 3D0D8C852AFFEA5D0082D0C0 /* APIService.swift */; };
		3D0D8C882AFFEB2F0082D0C0 /* Model.swift in Sources */ = {isa = PBXBuildFile; fileRef = 3D0D8C872AFFEB2E0082D0C0 /* Model.swift */; };
		3D0D8C8A2AFFF9DF0082D0C0 /* FugitivesTableViewController.swift in Sources */ = {isa = PBXBuildFile; fileRef = 3D0D8C892AFFF9DF0082D0C0 /* FugitivesTableViewController.swift */; };
		3D207FBA2B0846DD0062394D /* MapKit.framework in Frameworks */ = {isa = PBXBuildFile; fileRef = 3D207FB92B0846DD0062394D /* MapKit.framework */; };
		3D207FBC2B0846E60062394D /* CoreLocation.framework in Frameworks */ = {isa = PBXBuildFile; fileRef = 3D207FBB2B0846E60062394D /* CoreLocation.framework */; };
		3D207FBE2B0849F50062394D /* MapViewController.swift in Sources */ = {isa = PBXBuildFile; fileRef = 3D207FBD2B0849F50062394D /* MapViewController.swift */; };
		3D207FC02B08536D0062394D /* Utils.swift in Sources */ = {isa = PBXBuildFile; fileRef = 3D207FBF2B08536C0062394D /* Utils.swift */; };
		74A3F4972B09222200AEEB9A /* VideoPlayer.swift in Sources */ = {isa = PBXBuildFile; fileRef = 74A3F4962B09222200AEEB9A /* VideoPlayer.swift */; };
		74A3F4992B0922F700AEEB9A /* AvPlayerPlayer.swift in Sources */ = {isa = PBXBuildFile; fileRef = 74A3F4982B0922F700AEEB9A /* AvPlayerPlayer.swift */; };
/* End PBXBuildFile section */

/* Begin PBXFileReference section */
		3D0D8C6C2AFFE99B0082D0C0 /* BountyHunter.app */ = {isa = PBXFileReference; explicitFileType = wrapper.application; includeInIndex = 0; path = BountyHunter.app; sourceTree = BUILT_PRODUCTS_DIR; };
		3D0D8C6F2AFFE99B0082D0C0 /* AppDelegate.swift */ = {isa = PBXFileReference; lastKnownFileType = sourcecode.swift; path = AppDelegate.swift; sourceTree = "<group>"; };
		3D0D8C712AFFE99B0082D0C0 /* SceneDelegate.swift */ = {isa = PBXFileReference; lastKnownFileType = sourcecode.swift; path = SceneDelegate.swift; sourceTree = "<group>"; };
		3D0D8C732AFFE99B0082D0C0 /* ViewController.swift */ = {isa = PBXFileReference; lastKnownFileType = sourcecode.swift; path = ViewController.swift; sourceTree = "<group>"; };
		3D0D8C762AFFE99B0082D0C0 /* Base */ = {isa = PBXFileReference; lastKnownFileType = file.storyboard; name = Base; path = Base.lproj/Main.storyboard; sourceTree = "<group>"; };
		3D0D8C782AFFE99C0082D0C0 /* Assets.xcassets */ = {isa = PBXFileReference; lastKnownFileType = folder.assetcatalog; path = Assets.xcassets; sourceTree = "<group>"; };
		3D0D8C7B2AFFE99C0082D0C0 /* Base */ = {isa = PBXFileReference; lastKnownFileType = file.storyboard; name = Base; path = Base.lproj/LaunchScreen.storyboard; sourceTree = "<group>"; };
		3D0D8C7D2AFFE99C0082D0C0 /* Info.plist */ = {isa = PBXFileReference; lastKnownFileType = text.plist.xml; path = Info.plist; sourceTree = "<group>"; };
		3D0D8C832AFFEA230082D0C0 /* InternetMonitor.swift */ = {isa = PBXFileReference; fileEncoding = 4; lastKnownFileType = sourcecode.swift; path = InternetMonitor.swift; sourceTree = "<group>"; };
		3D0D8C852AFFEA5D0082D0C0 /* APIService.swift */ = {isa = PBXFileReference; fileEncoding = 4; lastKnownFileType = sourcecode.swift; path = APIService.swift; sourceTree = "<group>"; };
		3D0D8C872AFFEB2E0082D0C0 /* Model.swift */ = {isa = PBXFileReference; lastKnownFileType = sourcecode.swift; path = Model.swift; sourceTree = "<group>"; };
		3D0D8C892AFFF9DF0082D0C0 /* FugitivesTableViewController.swift */ = {isa = PBXFileReference; lastKnownFileType = sourcecode.swift; path = FugitivesTableViewController.swift; sourceTree = "<group>"; };
		3D207FB92B0846DD0062394D /* MapKit.framework */ = {isa = PBXFileReference; lastKnownFileType = wrapper.framework; name = MapKit.framework; path = System/Library/Frameworks/MapKit.framework; sourceTree = SDKROOT; };
		3D207FBB2B0846E60062394D /* CoreLocation.framework */ = {isa = PBXFileReference; lastKnownFileType = wrapper.framework; name = CoreLocation.framework; path = System/Library/Frameworks/CoreLocation.framework; sourceTree = SDKROOT; };
		3D207FBD2B0849F50062394D /* MapViewController.swift */ = {isa = PBXFileReference; lastKnownFileType = sourcecode.swift; path = MapViewController.swift; sourceTree = "<group>"; };
		3D207FBF2B08536C0062394D /* Utils.swift */ = {isa = PBXFileReference; lastKnownFileType = sourcecode.swift; path = Utils.swift; sourceTree = "<group>"; };
		74A3F4962B09222200AEEB9A /* VideoPlayer.swift */ = {isa = PBXFileReference; lastKnownFileType = sourcecode.swift; path = VideoPlayer.swift; sourceTree = "<group>"; };
		74A3F4982B0922F700AEEB9A /* AvPlayerPlayer.swift */ = {isa = PBXFileReference; lastKnownFileType = sourcecode.swift; path = AvPlayerPlayer.swift; sourceTree = "<group>"; };
/* End PBXFileReference section */

/* Begin PBXFrameworksBuildPhase section */
		3D0D8C692AFFE99B0082D0C0 /* Frameworks */ = {
			isa = PBXFrameworksBuildPhase;
			buildActionMask = 2147483647;
			files = (
				3D207FBC2B0846E60062394D /* CoreLocation.framework in Frameworks */,
				3D207FBA2B0846DD0062394D /* MapKit.framework in Frameworks */,
			);
			runOnlyForDeploymentPostprocessing = 0;
		};
/* End PBXFrameworksBuildPhase section */

/* Begin PBXGroup section */
		3D0D8C632AFFE99B0082D0C0 = {
			isa = PBXGroup;
			children = (
				3D0D8C6E2AFFE99B0082D0C0 /* BountyHunter */,
				3D0D8C6D2AFFE99B0082D0C0 /* Products */,
				3D207FB82B0846DD0062394D /* Frameworks */,
			);
			sourceTree = "<group>";
		};
		3D0D8C6D2AFFE99B0082D0C0 /* Products */ = {
			isa = PBXGroup;
			children = (
				3D0D8C6C2AFFE99B0082D0C0 /* BountyHunter.app */,
			);
			name = Products;
			sourceTree = "<group>";
		};
		3D0D8C6E2AFFE99B0082D0C0 /* BountyHunter */ = {
			isa = PBXGroup;
			children = (
				3D0D8C852AFFEA5D0082D0C0 /* APIService.swift */,
				3D0D8C832AFFEA230082D0C0 /* InternetMonitor.swift */,
				3D0D8C6F2AFFE99B0082D0C0 /* AppDelegate.swift */,
				3D0D8C712AFFE99B0082D0C0 /* SceneDelegate.swift */,
				3D0D8C732AFFE99B0082D0C0 /* ViewController.swift */,
				3D0D8C752AFFE99B0082D0C0 /* Main.storyboard */,
				3D0D8C782AFFE99C0082D0C0 /* Assets.xcassets */,
				3D0D8C7A2AFFE99C0082D0C0 /* LaunchScreen.storyboard */,
				3D0D8C7D2AFFE99C0082D0C0 /* Info.plist */,
				3D0D8C872AFFEB2E0082D0C0 /* Model.swift */,
				3D0D8C892AFFF9DF0082D0C0 /* FugitivesTableViewController.swift */,
				3D207FBD2B0849F50062394D /* MapViewController.swift */,
				3D207FBF2B08536C0062394D /* Utils.swift */,
				74A3F4962B09222200AEEB9A /* VideoPlayer.swift */,
				74A3F4982B0922F700AEEB9A /* AvPlayerPlayer.swift */,
			);
			path = BountyHunter;
			sourceTree = "<group>";
		};
		3D207FB82B0846DD0062394D /* Frameworks */ = {
			isa = PBXGroup;
			children = (
				3D207FBB2B0846E60062394D /* CoreLocation.framework */,
				3D207FB92B0846DD0062394D /* MapKit.framework */,
			);
			name = Frameworks;
			sourceTree = "<group>";
		};
/* End PBXGroup section */

/* Begin PBXNativeTarget section */
		3D0D8C6B2AFFE99B0082D0C0 /* BountyHunter */ = {
			isa = PBXNativeTarget;
			buildConfigurationList = 3D0D8C802AFFE99C0082D0C0 /* Build configuration list for PBXNativeTarget "BountyHunter" */;
			buildPhases = (
				3D0D8C682AFFE99B0082D0C0 /* Sources */,
				3D0D8C692AFFE99B0082D0C0 /* Frameworks */,
				3D0D8C6A2AFFE99B0082D0C0 /* Resources */,
			);
			buildRules = (
			);
			dependencies = (
			);
			name = BountyHunter;
			productName = BountyHunter;
			productReference = 3D0D8C6C2AFFE99B0082D0C0 /* BountyHunter.app */;
			productType = "com.apple.product-type.application";
		};
/* End PBXNativeTarget section */

/* Begin PBXProject section */
		3D0D8C642AFFE99B0082D0C0 /* Project object */ = {
			isa = PBXProject;
			attributes = {
				BuildIndependentTargetsInParallel = 1;
				LastSwiftUpdateCheck = 1410;
				LastUpgradeCheck = 1410;
				TargetAttributes = {
					3D0D8C6B2AFFE99B0082D0C0 = {
						CreatedOnToolsVersion = 14.1;
					};
				};
			};
			buildConfigurationList = 3D0D8C672AFFE99B0082D0C0 /* Build configuration list for PBXProject "BountyHunter" */;
			compatibilityVersion = "Xcode 14.0";
			developmentRegion = en;
			hasScannedForEncodings = 0;
			knownRegions = (
				en,
				Base,
			);
			mainGroup = 3D0D8C632AFFE99B0082D0C0;
			productRefGroup = 3D0D8C6D2AFFE99B0082D0C0 /* Products */;
			projectDirPath = "";
			projectRoot = "";
			targets = (
				3D0D8C6B2AFFE99B0082D0C0 /* BountyHunter */,
			);
		};
/* End PBXProject section */

/* Begin PBXResourcesBuildPhase section */
		3D0D8C6A2AFFE99B0082D0C0 /* Resources */ = {
			isa = PBXResourcesBuildPhase;
			buildActionMask = 2147483647;
			files = (
				3D0D8C7C2AFFE99C0082D0C0 /* LaunchScreen.storyboard in Resources */,
				3D0D8C792AFFE99C0082D0C0 /* Assets.xcassets in Resources */,
				3D0D8C772AFFE99B0082D0C0 /* Main.storyboard in Resources */,
			);
			runOnlyForDeploymentPostprocessing = 0;
		};
/* End PBXResourcesBuildPhase section */

/* Begin PBXSourcesBuildPhase section */
		3D0D8C682AFFE99B0082D0C0 /* Sources */ = {
			isa = PBXSourcesBuildPhase;
			buildActionMask = 2147483647;
			files = (
				3D0D8C742AFFE99B0082D0C0 /* ViewController.swift in Sources */,
				3D0D8C862AFFEA5D0082D0C0 /* APIService.swift in Sources */,
				3D207FC02B08536D0062394D /* Utils.swift in Sources */,
				3D0D8C8A2AFFF9DF0082D0C0 /* FugitivesTableViewController.swift in Sources */,
				3D0D8C842AFFEA230082D0C0 /* InternetMonitor.swift in Sources */,
				3D0D8C882AFFEB2F0082D0C0 /* Model.swift in Sources */,
				74A3F4972B09222200AEEB9A /* VideoPlayer.swift in Sources */,
				3D0D8C702AFFE99B0082D0C0 /* AppDelegate.swift in Sources */,
				3D0D8C722AFFE99B0082D0C0 /* SceneDelegate.swift in Sources */,
				74A3F4992B0922F700AEEB9A /* AvPlayerPlayer.swift in Sources */,
				3D207FBE2B0849F50062394D /* MapViewController.swift in Sources */,
			);
			runOnlyForDeploymentPostprocessing = 0;
		};
/* End PBXSourcesBuildPhase section */

/* Begin PBXVariantGroup section */
		3D0D8C752AFFE99B0082D0C0 /* Main.storyboard */ = {
			isa = PBXVariantGroup;
			children = (
				3D0D8C762AFFE99B0082D0C0 /* Base */,
			);
			name = Main.storyboard;
			sourceTree = "<group>";
		};
		3D0D8C7A2AFFE99C0082D0C0 /* LaunchScreen.storyboard */ = {
			isa = PBXVariantGroup;
			children = (
				3D0D8C7B2AFFE99C0082D0C0 /* Base */,
			);
			name = LaunchScreen.storyboard;
			sourceTree = "<group>";
		};
/* End PBXVariantGroup section */

/* Begin XCBuildConfiguration section */
		3D0D8C7E2AFFE99C0082D0C0 /* Debug */ = {
			isa = XCBuildConfiguration;
			buildSettings = {
				ALWAYS_SEARCH_USER_PATHS = NO;
				CLANG_ANALYZER_NONNULL = YES;
				CLANG_ANALYZER_NUMBER_OBJECT_CONVERSION = YES_AGGRESSIVE;
				CLANG_CXX_LANGUAGE_STANDARD = "gnu++20";
				CLANG_ENABLE_MODULES = YES;
				CLANG_ENABLE_OBJC_ARC = YES;
				CLANG_ENABLE_OBJC_WEAK = YES;
				CLANG_WARN_BLOCK_CAPTURE_AUTORELEASING = YES;
				CLANG_WARN_BOOL_CONVERSION = YES;
				CLANG_WARN_COMMA = YES;
				CLANG_WARN_CONSTANT_CONVERSION = YES;
				CLANG_WARN_DEPRECATED_OBJC_IMPLEMENTATIONS = YES;
				CLANG_WARN_DIRECT_OBJC_ISA_USAGE = YES_ERROR;
				CLANG_WARN_DOCUMENTATION_COMMENTS = YES;
				CLANG_WARN_EMPTY_BODY = YES;
				CLANG_WARN_ENUM_CONVERSION = YES;
				CLANG_WARN_INFINITE_RECURSION = YES;
				CLANG_WARN_INT_CONVERSION = YES;
				CLANG_WARN_NON_LITERAL_NULL_CONVERSION = YES;
				CLANG_WARN_OBJC_IMPLICIT_RETAIN_SELF = YES;
				CLANG_WARN_OBJC_LITERAL_CONVERSION = YES;
				CLANG_WARN_OBJC_ROOT_CLASS = YES_ERROR;
				CLANG_WARN_QUOTED_INCLUDE_IN_FRAMEWORK_HEADER = YES;
				CLANG_WARN_RANGE_LOOP_ANALYSIS = YES;
				CLANG_WARN_STRICT_PROTOTYPES = YES;
				CLANG_WARN_SUSPICIOUS_MOVE = YES;
				CLANG_WARN_UNGUARDED_AVAILABILITY = YES_AGGRESSIVE;
				CLANG_WARN_UNREACHABLE_CODE = YES;
				CLANG_WARN__DUPLICATE_METHOD_MATCH = YES;
				COPY_PHASE_STRIP = NO;
				DEBUG_INFORMATION_FORMAT = dwarf;
				ENABLE_STRICT_OBJC_MSGSEND = YES;
				ENABLE_TESTABILITY = YES;
				GCC_C_LANGUAGE_STANDARD = gnu11;
				GCC_DYNAMIC_NO_PIC = NO;
				GCC_NO_COMMON_BLOCKS = YES;
				GCC_OPTIMIZATION_LEVEL = 0;
				GCC_PREPROCESSOR_DEFINITIONS = (
					"DEBUG=1",
					"$(inherited)",
				);
				GCC_WARN_64_TO_32_BIT_CONVERSION = YES;
				GCC_WARN_ABOUT_RETURN_TYPE = YES_ERROR;
				GCC_WARN_UNDECLARED_SELECTOR = YES;
				GCC_WARN_UNINITIALIZED_AUTOS = YES_AGGRESSIVE;
				GCC_WARN_UNUSED_FUNCTION = YES;
				GCC_WARN_UNUSED_VARIABLE = YES;
				IPHONEOS_DEPLOYMENT_TARGET = 16.1;
				MTL_ENABLE_DEBUG_INFO = INCLUDE_SOURCE;
				MTL_FAST_MATH = YES;
				ONLY_ACTIVE_ARCH = YES;
				SDKROOT = iphoneos;
				SWIFT_ACTIVE_COMPILATION_CONDITIONS = DEBUG;
				SWIFT_OPTIMIZATION_LEVEL = "-Onone";
			};
			name = Debug;
		};
		3D0D8C7F2AFFE99C0082D0C0 /* Release */ = {
			isa = XCBuildConfiguration;
			buildSettings = {
				ALWAYS_SEARCH_USER_PATHS = NO;
				CLANG_ANALYZER_NONNULL = YES;
				CLANG_ANALYZER_NUMBER_OBJECT_CONVERSION = YES_AGGRESSIVE;
				CLANG_CXX_LANGUAGE_STANDARD = "gnu++20";
				CLANG_ENABLE_MODULES = YES;
				CLANG_ENABLE_OBJC_ARC = YES;
				CLANG_ENABLE_OBJC_WEAK = YES;
				CLANG_WARN_BLOCK_CAPTURE_AUTORELEASING = YES;
				CLANG_WARN_BOOL_CONVERSION = YES;
				CLANG_WARN_COMMA = YES;
				CLANG_WARN_CONSTANT_CONVERSION = YES;
				CLANG_WARN_DEPRECATED_OBJC_IMPLEMENTATIONS = YES;
				CLANG_WARN_DIRECT_OBJC_ISA_USAGE = YES_ERROR;
				CLANG_WARN_DOCUMENTATION_COMMENTS = YES;
				CLANG_WARN_EMPTY_BODY = YES;
				CLANG_WARN_ENUM_CONVERSION = YES;
				CLANG_WARN_INFINITE_RECURSION = YES;
				CLANG_WARN_INT_CONVERSION = YES;
				CLANG_WARN_NON_LITERAL_NULL_CONVERSION = YES;
				CLANG_WARN_OBJC_IMPLICIT_RETAIN_SELF = YES;
				CLANG_WARN_OBJC_LITERAL_CONVERSION = YES;
				CLANG_WARN_OBJC_ROOT_CLASS = YES_ERROR;
				CLANG_WARN_QUOTED_INCLUDE_IN_FRAMEWORK_HEADER = YES;
				CLANG_WARN_RANGE_LOOP_ANALYSIS = YES;
				CLANG_WARN_STRICT_PROTOTYPES = YES;
				CLANG_WARN_SUSPICIOUS_MOVE = YES;
				CLANG_WARN_UNGUARDED_AVAILABILITY = YES_AGGRESSIVE;
				CLANG_WARN_UNREACHABLE_CODE = YES;
				CLANG_WARN__DUPLICATE_METHOD_MATCH = YES;
				COPY_PHASE_STRIP = NO;
				DEBUG_INFORMATION_FORMAT = "dwarf-with-dsym";
				ENABLE_NS_ASSERTIONS = NO;
				ENABLE_STRICT_OBJC_MSGSEND = YES;
				GCC_C_LANGUAGE_STANDARD = gnu11;
				GCC_NO_COMMON_BLOCKS = YES;
				GCC_WARN_64_TO_32_BIT_CONVERSION = YES;
				GCC_WARN_ABOUT_RETURN_TYPE = YES_ERROR;
				GCC_WARN_UNDECLARED_SELECTOR = YES;
				GCC_WARN_UNINITIALIZED_AUTOS = YES_AGGRESSIVE;
				GCC_WARN_UNUSED_FUNCTION = YES;
				GCC_WARN_UNUSED_VARIABLE = YES;
				IPHONEOS_DEPLOYMENT_TARGET = 16.1;
				MTL_ENABLE_DEBUG_INFO = NO;
				MTL_FAST_MATH = YES;
				SDKROOT = iphoneos;
				SWIFT_COMPILATION_MODE = wholemodule;
				SWIFT_OPTIMIZATION_LEVEL = "-O";
				VALIDATE_PRODUCT = YES;
			};
			name = Release;
		};
		3D0D8C812AFFE99C0082D0C0 /* Debug */ = {
			isa = XCBuildConfiguration;
			buildSettings = {
				ASSETCATALOG_COMPILER_APPICON_NAME = AppIcon;
				ASSETCATALOG_COMPILER_GLOBAL_ACCENT_COLOR_NAME = AccentColor;
				CODE_SIGN_STYLE = Automatic;
				CURRENT_PROJECT_VERSION = 1;
				GENERATE_INFOPLIST_FILE = YES;
				INFOPLIST_FILE = BountyHunter/Info.plist;
				INFOPLIST_KEY_UIApplicationSupportsIndirectInputEvents = YES;
				INFOPLIST_KEY_UILaunchStoryboardName = LaunchScreen;
				INFOPLIST_KEY_UIMainStoryboardFile = Main;
				INFOPLIST_KEY_UISupportedInterfaceOrientations_iPad = "UIInterfaceOrientationPortrait UIInterfaceOrientationPortraitUpsideDown UIInterfaceOrientationLandscapeLeft UIInterfaceOrientationLandscapeRight";
				INFOPLIST_KEY_UISupportedInterfaceOrientations_iPhone = "UIInterfaceOrientationPortrait UIInterfaceOrientationLandscapeLeft UIInterfaceOrientationLandscapeRight";
				LD_RUNPATH_SEARCH_PATHS = (
					"$(inherited)",
					"@executable_path/Frameworks",
				);
				MARKETING_VERSION = 1.0;
				PRODUCT_BUNDLE_IDENTIFIER = com.janzelaznog.BountyHunter;
				PRODUCT_NAME = "$(TARGET_NAME)";
				SWIFT_EMIT_LOC_STRINGS = YES;
				SWIFT_VERSION = 5.0;
				TARGETED_DEVICE_FAMILY = "1,2";
			};
			name = Debug;
		};
		3D0D8C822AFFE99C0082D0C0 /* Release */ = {
			isa = XCBuildConfiguration;
			buildSettings = {
				ASSETCATALOG_COMPILER_APPICON_NAME = AppIcon;
				ASSETCATALOG_COMPILER_GLOBAL_ACCENT_COLOR_NAME = AccentColor;
				CODE_SIGN_STYLE = Automatic;
				CURRENT_PROJECT_VERSION = 1;
				GENERATE_INFOPLIST_FILE = YES;
				INFOPLIST_FILE = BountyHunter/Info.plist;
				INFOPLIST_KEY_UIApplicationSupportsIndirectInputEvents = YES;
				INFOPLIST_KEY_UILaunchStoryboardName = LaunchScreen;
				INFOPLIST_KEY_UIMainStoryboardFile = Main;
				INFOPLIST_KEY_UISupportedInterfaceOrientations_iPad = "UIInterfaceOrientationPortrait UIInterfaceOrientationPortraitUpsideDown UIInterfaceOrientationLandscapeLeft UIInterfaceOrientationLandscapeRight";
				INFOPLIST_KEY_UISupportedInterfaceOrientations_iPhone = "UIInterfaceOrientationPortrait UIInterfaceOrientationLandscapeLeft UIInterfaceOrientationLandscapeRight";
				LD_RUNPATH_SEARCH_PATHS = (
					"$(inherited)",
					"@executable_path/Frameworks",
				);
				MARKETING_VERSION = 1.0;
				PRODUCT_BUNDLE_IDENTIFIER = com.janzelaznog.BountyHunter;
				PRODUCT_NAME = "$(TARGET_NAME)";
				SWIFT_EMIT_LOC_STRINGS = YES;
				SWIFT_VERSION = 5.0;
				TARGETED_DEVICE_FAMILY = "1,2";
			};
			name = Release;
		};
/* End XCBuildConfiguration section */

/* Begin XCConfigurationList section */
		3D0D8C672AFFE99B0082D0C0 /* Build configuration list for PBXProject "BountyHunter" */ = {
			isa = XCConfigurationList;
			buildConfigurations = (
				3D0D8C7E2AFFE99C0082D0C0 /* Debug */,
				3D0D8C7F2AFFE99C0082D0C0 /* Release */,
			);
			defaultConfigurationIsVisible = 0;
			defaultConfigurationName = Release;
		};
		3D0D8C802AFFE99C0082D0C0 /* Build configuration list for PBXNativeTarget "BountyHunter" */ = {
			isa = XCConfigurationList;
			buildConfigurations = (
				3D0D8C812AFFE99C0082D0C0 /* Debug */,
				3D0D8C822AFFE99C0082D0C0 /* Release */,
			);
			defaultConfigurationIsVisible = 0;
			defaultConfigurationName = Release;
		};
/* End XCConfigurationList section */
	};
	rootObject = 3D0D8C642AFFE99B0082D0C0 /* Project object */;
}
